
Microsoft Visual Studio Solution File, Format Version 12.00
# Visual Studio 15
VisualStudioVersion = 15.0.26730.10
MinimumVisualStudioVersion = 10.0.40219.1
Project("{9A19103F-16F7-4668-BE54-9A1E7A4F7556}") = "DayaliBlog.Web", "DayaliBlog.Web\DayaliBlog.Web.csproj", "{8407AA95-25B5-4AE4-BD6E-B810A3CF5384}"
EndProject
Project("{9A19103F-16F7-4668-BE54-9A1E7A4F7556}") = "DayaliBlog.Model", "DayaliBlog.Model\DayaliBlog.Model.csproj", "{BA9803C3-4EA6-4F0B-B8AB-AF5AA702DD13}"
EndProject
Project("{9A19103F-16F7-4668-BE54-9A1E7A4F7556}") = "DayaliBlog.Service", "DayaliBlog.Service\DayaliBlog.Service.csproj", "{0B027721-67BF-4E34-8D38-55FBB0AE92A2}"
EndProject
Project("{9A19103F-16F7-4668-BE54-9A1E7A4F7556}") = "Common", "Common\Common.csproj", "{276682F9-BEB2-4A21-B235-73C3DFF8E541}"
EndProject
Global
	GlobalSection(SolutionConfigurationPlatforms) = preSolution
		Debug|Any CPU = Debug|Any CPU
		Debug|x64 = Debug|x64
		Debug|x86 = Debug|x86
		Release|Any CPU = Release|Any CPU
		Release|x64 = Release|x64
		Release|x86 = Release|x86
	EndGlobalSection
	GlobalSection(ProjectConfigurationPlatforms) = postSolution
		{8407AA95-25B5-4AE4-BD6E-B810A3CF5384}.Debug|Any CPU.ActiveCfg = Debug|Any CPU
		{8407AA95-25B5-4AE4-BD6E-B810A3CF5384}.Debug|Any CPU.Build.0 = Debug|Any CPU
		{8407AA95-25B5-4AE4-BD6E-B810A3CF5384}.Debug|x64.ActiveCfg = Debug|Any CPU
		{8407AA95-25B5-4AE4-BD6E-B810A3CF5384}.Debug|x64.Build.0 = Debug|Any CPU
		{8407AA95-25B5-4AE4-BD6E-B810A3CF5384}.Debug|x86.ActiveCfg = Debug|Any CPU
		{8407AA95-25B5-4AE4-BD6E-B810A3CF5384}.Debug|x86.Build.0 = Debug|Any CPU
		{8407AA95-25B5-4AE4-BD6E-B810A3CF5384}.Release|Any CPU.ActiveCfg = Release|Any CPU
		{8407AA95-25B5-4AE4-BD6E-B810A3CF5384}.Release|Any CPU.Build.0 = Release|Any CPU
		{8407AA95-25B5-4AE4-BD6E-B810A3CF5384}.Release|x64.ActiveCfg = Release|Any CPU
		{8407AA95-25B5-4AE4-BD6E-B810A3CF5384}.Release|x64.Build.0 = Release|Any CPU
		{8407AA95-25B5-4AE4-BD6E-B810A3CF5384}.Release|x86.ActiveCfg = Release|Any CPU
		{8407AA95-25B5-4AE4-BD6E-B810A3CF5384}.Release|x86.Build.0 = Release|Any CPU
		{BA9803C3-4EA6-4F0B-B8AB-AF5AA702DD13}.Debug|Any CPU.ActiveCfg = Debug|Any CPU
		{BA9803C3-4EA6-4F0B-B8AB-AF5AA702DD13}.Debug|Any CPU.Build.0 = Debug|Any CPU
		{BA9803C3-4EA6-4F0B-B8AB-AF5AA702DD13}.Debug|x64.ActiveCfg = Debug|Any CPU
		{BA9803C3-4EA6-4F0B-B8AB-AF5AA702DD13}.Debug|x64.Build.0 = Debug|Any CPU
		{BA9803C3-4EA6-4F0B-B8AB-AF5AA702DD13}.Debug|x86.ActiveCfg = Debug|Any CPU
		{BA9803C3-4EA6-4F0B-B8AB-AF5AA702DD13}.Debug|x86.Build.0 = Debug|Any CPU
		{BA9803C3-4EA6-4F0B-B8AB-AF5AA702DD13}.Release|Any CPU.ActiveCfg = Release|Any CPU
		{BA9803C3-4EA6-4F0B-B8AB-AF5AA702DD13}.Release|Any CPU.Build.0 = Release|Any CPU
		{BA9803C3-4EA6-4F0B-B8AB-AF5AA702DD13}.Release|x64.ActiveCfg = Release|Any CPU
		{BA9803C3-4EA6-4F0B-B8AB-AF5AA702DD13}.Release|x64.Build.0 = Release|Any CPU
		{BA9803C3-4EA6-4F0B-B8AB-AF5AA702DD13}.Release|x86.ActiveCfg = Release|Any CPU
		{BA9803C3-4EA6-4F0B-B8AB-AF5AA702DD13}.Release|x86.Build.0 = Release|Any CPU
		{0B027721-67BF-4E34-8D38-55FBB0AE92A2}.Debug|Any CPU.ActiveCfg = Debug|Any CPU
		{0B027721-67BF-4E34-8D38-55FBB0AE92A2}.Debug|Any CPU.Build.0 = Debug|Any CPU
		{0B027721-67BF-4E34-8D38-55FBB0AE92A2}.Debug|x64.ActiveCfg = Debug|Any CPU
		{0B027721-67BF-4E34-8D38-55FBB0AE92A2}.Debug|x64.Build.0 = Debug|Any CPU
		{0B027721-67BF-4E34-8D38-55FBB0AE92A2}.Debug|x86.ActiveCfg = Debug|Any CPU
		{0B027721-67BF-4E34-8D38-55FBB0AE92A2}.Debug|x86.Build.0 = Debug|Any CPU
		{0B027721-67BF-4E34-8D38-55FBB0AE92A2}.Release|Any CPU.ActiveCfg = Release|Any CPU
		{0B027721-67BF-4E34-8D38-55FBB0AE92A2}.Release|Any CPU.Build.0 = Release|Any CPU
		{0B027721-67BF-4E34-8D38-55FBB0AE92A2}.Release|x64.ActiveCfg = Release|Any CPU
		{0B027721-67BF-4E34-8D38-55FBB0AE92A2}.Release|x64.Build.0 = Release|Any CPU
		{0B027721-67BF-4E34-8D38-55FBB0AE92A2}.Release|x86.ActiveCfg = Release|Any CPU
		{0B027721-67BF-4E34-8D38-55FBB0AE92A2}.Release|x86.Build.0 = Release|Any CPU
		{276682F9-BEB2-4A21-B235-73C3DFF8E541}.Debug|Any CPU.ActiveCfg = Debug|Any CPU
		{276682F9-BEB2-4A21-B235-73C3DFF8E541}.Debug|Any CPU.Build.0 = Debug|Any CPU
		{276682F9-BEB2-4A21-B235-73C3DFF8E541}.Debug|x64.ActiveCfg = Debug|Any CPU
		{276682F9-BEB2-4A21-B235-73C3DFF8E541}.Debug|x64.Build.0 = Debug|Any CPU
		{276682F9-BEB2-4A21-B235-73C3DFF8E541}.Debug|x86.ActiveCfg = Debug|Any CPU
		{276682F9-BEB2-4A21-B235-73C3DFF8E541}.Debug|x86.Build.0 = Debug|Any CPU
		{276682F9-BEB2-4A21-B235-73C3DFF8E541}.Release|Any CPU.ActiveCfg = Release|Any CPU
		{276682F9-BEB2-4A21-B235-73C3DFF8E541}.Release|Any CPU.Build.0 = Release|Any CPU
		{276682F9-BEB2-4A21-B235-73C3DFF8E541}.Release|x64.ActiveCfg = Release|Any CPU
		{276682F9-BEB2-4A21-B235-73C3DFF8E541}.Release|x64.Build.0 = Release|Any CPU
		{276682F9-BEB2-4A21-B235-73C3DFF8E541}.Release|x86.ActiveCfg = Release|Any CPU
		{276682F9-BEB2-4A21-B235-73C3DFF8E541}.Release|x86.Build.0 = Release|Any CPU
	EndGlobalSection
	GlobalSection(SolutionProperties) = preSolution
		HideSolutionNode = FALSE
	EndGlobalSection
	GlobalSection(ExtensibilityGlobals) = postSolution
		SolutionGuid = {EB761B2B-9930-4E43-860D-65F2601B95C9}
	EndGlobalSection
EndGlobal
